
Microsoft Visual Studio Solution File, Format Version 12.00
# Visual Studio Version 16
VisualStudioVersion = 16.0.30503.244
MinimumVisualStudioVersion = 10.0.40219.1
Project("{9A19103F-16F7-4668-BE54-9A1E7A4F7556}") = "JDMM.App", "Doom Mod Manager\JDMM.App.csproj", "{41F84CDD-A644-4DDE-A87B-1B9C27B2916C}"
EndProject
Project("{FAE04EC0-301F-11D3-BF4B-00C04F79EFBC}") = "JDMM.Domain.Repos", "JDMM.Domain.Repos\JDMM.Domain.Repos.csproj", "{224BA230-DC0D-4132-8C6E-6694DF81A8F3}"
EndProject
Project("{FAE04EC0-301F-11D3-BF4B-00C04F79EFBC}") = "JDMM.Domain.Repos.Impl", "JDMM.Domain.Repos.Impl\JDMM.Domain.Repos.Impl.csproj", "{DA39C293-FFF8-4502-B0D4-5CCFAAC21516}"
EndProject
Project("{FAE04EC0-301F-11D3-BF4B-00C04F79EFBC}") = "JDMM.Domain.Business", "JDMM.Domain.Business\JDMM.Domain.Business.csproj", "{3D5E12B4-9D97-4E00-884C-D03074290069}"
EndProject
Project("{FAE04EC0-301F-11D3-BF4B-00C04F79EFBC}") = "JDMM.Domain.Business.Impl", "JDMM.Domain.Business.Impl\JDMM.Domain.Business.Impl.csproj", "{09DD2FD4-10E8-46F5-8753-DE40AED59F35}"
EndProject
Project("{FAE04EC0-301F-11D3-BF4B-00C04F79EFBC}") = "JDMM.Domain.Entities", "JDMM.Domain.Entities\JDMM.Domain.Entities.csproj", "{1A57637D-2D3B-4AE2-9B45-48E6B3BDF547}"
EndProject
Global
	GlobalSection(SolutionConfigurationPlatforms) = preSolution
		Debug|Any CPU = Debug|Any CPU
		Release|Any CPU = Release|Any CPU
	EndGlobalSection
	GlobalSection(ProjectConfigurationPlatforms) = postSolution
		{41F84CDD-A644-4DDE-A87B-1B9C27B2916C}.Debug|Any CPU.ActiveCfg = Debug|Any CPU
		{41F84CDD-A644-4DDE-A87B-1B9C27B2916C}.Debug|Any CPU.Build.0 = Debug|Any CPU
		{41F84CDD-A644-4DDE-A87B-1B9C27B2916C}.Release|Any CPU.ActiveCfg = Release|Any CPU
		{41F84CDD-A644-4DDE-A87B-1B9C27B2916C}.Release|Any CPU.Build.0 = Release|Any CPU
		{224BA230-DC0D-4132-8C6E-6694DF81A8F3}.Debug|Any CPU.ActiveCfg = Debug|Any CPU
		{224BA230-DC0D-4132-8C6E-6694DF81A8F3}.Debug|Any CPU.Build.0 = Debug|Any CPU
		{224BA230-DC0D-4132-8C6E-6694DF81A8F3}.Release|Any CPU.ActiveCfg = Release|Any CPU
		{224BA230-DC0D-4132-8C6E-6694DF81A8F3}.Release|Any CPU.Build.0 = Release|Any CPU
		{DA39C293-FFF8-4502-B0D4-5CCFAAC21516}.Debug|Any CPU.ActiveCfg = Debug|Any CPU
		{DA39C293-FFF8-4502-B0D4-5CCFAAC21516}.Debug|Any CPU.Build.0 = Debug|Any CPU
		{DA39C293-FFF8-4502-B0D4-5CCFAAC21516}.Release|Any CPU.ActiveCfg = Release|Any CPU
		{DA39C293-FFF8-4502-B0D4-5CCFAAC21516}.Release|Any CPU.Build.0 = Release|Any CPU
		{3D5E12B4-9D97-4E00-884C-D03074290069}.Debug|Any CPU.ActiveCfg = Debug|Any CPU
		{3D5E12B4-9D97-4E00-884C-D03074290069}.Debug|Any CPU.Build.0 = Debug|Any CPU
		{3D5E12B4-9D97-4E00-884C-D03074290069}.Release|Any CPU.ActiveCfg = Release|Any CPU
		{3D5E12B4-9D97-4E00-884C-D03074290069}.Release|Any CPU.Build.0 = Release|Any CPU
		{09DD2FD4-10E8-46F5-8753-DE40AED59F35}.Debug|Any CPU.ActiveCfg = Debug|Any CPU
		{09DD2FD4-10E8-46F5-8753-DE40AED59F35}.Debug|Any CPU.Build.0 = Debug|Any CPU
		{09DD2FD4-10E8-46F5-8753-DE40AED59F35}.Release|Any CPU.ActiveCfg = Release|Any CPU
		{09DD2FD4-10E8-46F5-8753-DE40AED59F35}.Release|Any CPU.Build.0 = Release|Any CPU
		{1A57637D-2D3B-4AE2-9B45-48E6B3BDF547}.Debug|Any CPU.ActiveCfg = Debug|Any CPU
		{1A57637D-2D3B-4AE2-9B45-48E6B3BDF547}.Debug|Any CPU.Build.0 = Debug|Any CPU
		{1A57637D-2D3B-4AE2-9B45-48E6B3BDF547}.Release|Any CPU.ActiveCfg = Release|Any CPU
		{1A57637D-2D3B-4AE2-9B45-48E6B3BDF547}.Release|Any CPU.Build.0 = Release|Any CPU
	EndGlobalSection
	GlobalSection(SolutionProperties) = preSolution
		HideSolutionNode = FALSE
	EndGlobalSection
	GlobalSection(ExtensibilityGlobals) = postSolution
		SolutionGuid = {665C9383-849C-44D6-B785-E77983E80C56}
	EndGlobalSection
EndGlobal
